
Microsoft Visual Studio Solution File, Format Version 12.00
# Visual Studio Version 16
VisualStudioVersion = 16.0.30804.86
MinimumVisualStudioVersion = 10.0.40219.1
Project("{FAE04EC0-301F-11D3-BF4B-00C04F79EFBC}") = "Reality Game Show Emulator", "Reality Game Show Emulator.csproj", "{63A4E57C-AD7E-40F9-B938-2D9F63A9E63B}"
EndProject
Global
	GlobalSection(SolutionConfigurationPlatforms) = preSolution
		Debug|Any CPU = Debug|Any CPU
		Release|Any CPU = Release|Any CPU
	EndGlobalSection
	GlobalSection(ProjectConfigurationPlatforms) = postSolution
		{63A4E57C-AD7E-40F9-B938-2D9F63A9E63B}.Debug|Any CPU.ActiveCfg = Debug|Any CPU
		{63A4E57C-AD7E-40F9-B938-2D9F63A9E63B}.Debug|Any CPU.Build.0 = Debug|Any CPU
		{63A4E57C-AD7E-40F9-B938-2D9F63A9E63B}.Release|Any CPU.ActiveCfg = Release|Any CPU
		{63A4E57C-AD7E-40F9-B938-2D9F63A9E63B}.Release|Any CPU.Build.0 = Release|Any CPU
	EndGlobalSection
	GlobalSection(SolutionProperties) = preSolution
		HideSolutionNode = FALSE
	EndGlobalSection
	GlobalSection(ExtensibilityGlobals) = postSolution
		SolutionGuid = {981E4248-46C7-4229-A27F-94CB8CFBCD31}
	EndGlobalSection
EndGlobal
